
Microsoft Visual Studio Solution File, Format Version 12.00
# Visual Studio Version 16
VisualStudioVersion = 16.0.31624.102
MinimumVisualStudioVersion = 10.0.40219.1
Project("{FAE04EC0-301F-11D3-BF4B-00C04F79EFBC}") = "ConsoleApp7", "ConsoleApp7\ConsoleApp7.csproj", "{5D2597A1-F389-47B7-B022-71BE62E510CA}"
EndProject
Global
	GlobalSection(SolutionConfigurationPlatforms) = preSolution
		Debug|Any CPU = Debug|Any CPU
		Release|Any CPU = Release|Any CPU
	EndGlobalSection
	GlobalSection(ProjectConfigurationPlatforms) = postSolution
		{5D2597A1-F389-47B7-B022-71BE62E510CA}.Debug|Any CPU.ActiveCfg = Debug|Any CPU
		{5D2597A1-F389-47B7-B022-71BE62E510CA}.Debug|Any CPU.Build.0 = Debug|Any CPU
		{5D2597A1-F389-47B7-B022-71BE62E510CA}.Release|Any CPU.ActiveCfg = Release|Any CPU
		{5D2597A1-F389-47B7-B022-71BE62E510CA}.Release|Any CPU.Build.0 = Release|Any CPU
	EndGlobalSection
	GlobalSection(SolutionProperties) = preSolution
		HideSolutionNode = FALSE
	EndGlobalSection
	GlobalSection(ExtensibilityGlobals) = postSolution
		SolutionGuid = {6321A7D7-6ED4-47FF-8B38-1A78B0E74476}
	EndGlobalSection
EndGlobal
